// !$*UTF8*$!
{
	archiveVersion = 1;
	classes = {
	};
	objectVersion = 55;
	objects = {

/* Begin PBXBuildFile section */
		BE05B851287D5B57003584BF /* CurrencyService.swift in Sources */ = {isa = PBXBuildFile; fileRef = BE05B850287D5B57003584BF /* CurrencyService.swift */; };
		BE05B853287D6755003584BF /* Currency.swift in Sources */ = {isa = PBXBuildFile; fileRef = BE05B852287D6755003584BF /* Currency.swift */; };
		BE05B856287D7BAE003584BF /* SetFavoriteDelegate.swift in Sources */ = {isa = PBXBuildFile; fileRef = BE05B855287D7BAE003584BF /* SetFavoriteDelegate.swift */; };
		BE05B85D287D889F003584BF /* UIViewController+Extension.swift in Sources */ = {isa = PBXBuildFile; fileRef = BE05B85C287D889F003584BF /* UIViewController+Extension.swift */; };
		BE05B860287D8A16003584BF /* ExchangeViewController.swift in Sources */ = {isa = PBXBuildFile; fileRef = BE05B85F287D8A16003584BF /* ExchangeViewController.swift */; };
		BE05B862287D8A1C003584BF /* Exchange.storyboard in Resources */ = {isa = PBXBuildFile; fileRef = BE05B861287D8A1C003584BF /* Exchange.storyboard */; };
		BE1FBB25287C96C300E4D62D /* MainViewController.swift in Sources */ = {isa = PBXBuildFile; fileRef = BE1FBB24287C96C300E4D62D /* MainViewController.swift */; };
		BE1FBB27287C96CC00E4D62D /* Main.storyboard in Resources */ = {isa = PBXBuildFile; fileRef = BE1FBB26287C96CC00E4D62D /* Main.storyboard */; };
		BE1FBB2B287CA0F500E4D62D /* AllCell.swift in Sources */ = {isa = PBXBuildFile; fileRef = BE1FBB29287CA0F500E4D62D /* AllCell.swift */; };
		BE1FBB2C287CA0F500E4D62D /* AllCell.xib in Resources */ = {isa = PBXBuildFile; fileRef = BE1FBB2A287CA0F500E4D62D /* AllCell.xib */; };
		BE1FBB30287CAACA00E4D62D /* MyCell.swift in Sources */ = {isa = PBXBuildFile; fileRef = BE1FBB2E287CAACA00E4D62D /* MyCell.swift */; };
		BE1FBB31287CAACA00E4D62D /* MyCell.xib in Resources */ = {isa = PBXBuildFile; fileRef = BE1FBB2F287CAACA00E4D62D /* MyCell.xib */; };
		BE1FBB34287CAF1300E4D62D /* NetworkManager.swift in Sources */ = {isa = PBXBuildFile; fileRef = BE1FBB33287CAF1300E4D62D /* NetworkManager.swift */; };
		BE1FBB37287CAFCD00E4D62D /* CurrencyResponse.swift in Sources */ = {isa = PBXBuildFile; fileRef = BE1FBB36287CAFCD00E4D62D /* CurrencyResponse.swift */; };
		BEC91A1E287C8BF100BFCA50 /* AppDelegate.swift in Sources */ = {isa = PBXBuildFile; fileRef = BEC91A1D287C8BF100BFCA50 /* AppDelegate.swift */; };
		BEC91A20287C8BF100BFCA50 /* SceneDelegate.swift in Sources */ = {isa = PBXBuildFile; fileRef = BEC91A1F287C8BF100BFCA50 /* SceneDelegate.swift */; };
		BEC91A27287C8BF400BFCA50 /* Assets.xcassets in Resources */ = {isa = PBXBuildFile; fileRef = BEC91A26287C8BF400BFCA50 /* Assets.xcassets */; };
		BEC91A2A287C8BF400BFCA50 /* LaunchScreen.storyboard in Resources */ = {isa = PBXBuildFile; fileRef = BEC91A28287C8BF400BFCA50 /* LaunchScreen.storyboard */; };
		BEC91A37287C914200BFCA50 /* MyCurrenciesViewController.swift in Sources */ = {isa = PBXBuildFile; fileRef = BEC91A36287C914200BFCA50 /* MyCurrenciesViewController.swift */; };
		BEC91A39287C915600BFCA50 /* AllCurrenciesViewController.swift in Sources */ = {isa = PBXBuildFile; fileRef = BEC91A38287C915600BFCA50 /* AllCurrenciesViewController.swift */; };
		BEC91A3D287C919300BFCA50 /* MyCurrencies.storyboard in Resources */ = {isa = PBXBuildFile; fileRef = BEC91A3C287C919300BFCA50 /* MyCurrencies.storyboard */; };
		BEC91A3F287C919F00BFCA50 /* AllCurrencies.storyboard in Resources */ = {isa = PBXBuildFile; fileRef = BEC91A3E287C919F00BFCA50 /* AllCurrencies.storyboard */; };
/* End PBXBuildFile section */

/* Begin PBXFileReference section */
		BE05B850287D5B57003584BF /* CurrencyService.swift */ = {isa = PBXFileReference; lastKnownFileType = sourcecode.swift; path = CurrencyService.swift; sourceTree = "<group>"; };
		BE05B852287D6755003584BF /* Currency.swift */ = {isa = PBXFileReference; lastKnownFileType = sourcecode.swift; path = Currency.swift; sourceTree = "<group>"; };
		BE05B855287D7BAE003584BF /* SetFavoriteDelegate.swift */ = {isa = PBXFileReference; lastKnownFileType = sourcecode.swift; path = SetFavoriteDelegate.swift; sourceTree = "<group>"; };
		BE05B85C287D889F003584BF /* UIViewController+Extension.swift */ = {isa = PBXFileReference; lastKnownFileType = sourcecode.swift; path = "UIViewController+Extension.swift"; sourceTree = "<group>"; };
		BE05B85F287D8A16003584BF /* ExchangeViewController.swift */ = {isa = PBXFileReference; lastKnownFileType = sourcecode.swift; path = ExchangeViewController.swift; sourceTree = "<group>"; };
		BE05B861287D8A1C003584BF /* Exchange.storyboard */ = {isa = PBXFileReference; lastKnownFileType = file.storyboard; path = Exchange.storyboard; sourceTree = "<group>"; };
		BE1FBB24287C96C300E4D62D /* MainViewController.swift */ = {isa = PBXFileReference; lastKnownFileType = sourcecode.swift; path = MainViewController.swift; sourceTree = "<group>"; };
		BE1FBB26287C96CC00E4D62D /* Main.storyboard */ = {isa = PBXFileReference; lastKnownFileType = file.storyboard; path = Main.storyboard; sourceTree = "<group>"; };
		BE1FBB29287CA0F500E4D62D /* AllCell.swift */ = {isa = PBXFileReference; lastKnownFileType = sourcecode.swift; path = AllCell.swift; sourceTree = "<group>"; };
		BE1FBB2A287CA0F500E4D62D /* AllCell.xib */ = {isa = PBXFileReference; lastKnownFileType = file.xib; path = AllCell.xib; sourceTree = "<group>"; };
		BE1FBB2E287CAACA00E4D62D /* MyCell.swift */ = {isa = PBXFileReference; lastKnownFileType = sourcecode.swift; path = MyCell.swift; sourceTree = "<group>"; };
		BE1FBB2F287CAACA00E4D62D /* MyCell.xib */ = {isa = PBXFileReference; lastKnownFileType = file.xib; path = MyCell.xib; sourceTree = "<group>"; };
		BE1FBB33287CAF1300E4D62D /* NetworkManager.swift */ = {isa = PBXFileReference; lastKnownFileType = sourcecode.swift; path = NetworkManager.swift; sourceTree = "<group>"; };
		BE1FBB36287CAFCD00E4D62D /* CurrencyResponse.swift */ = {isa = PBXFileReference; lastKnownFileType = sourcecode.swift; path = CurrencyResponse.swift; sourceTree = "<group>"; };
		BEC91A1A287C8BF100BFCA50 /* Currencies.app */ = {isa = PBXFileReference; explicitFileType = wrapper.application; includeInIndex = 0; path = Currencies.app; sourceTree = BUILT_PRODUCTS_DIR; };
		BEC91A1D287C8BF100BFCA50 /* AppDelegate.swift */ = {isa = PBXFileReference; lastKnownFileType = sourcecode.swift; path = AppDelegate.swift; sourceTree = "<group>"; };
		BEC91A1F287C8BF100BFCA50 /* SceneDelegate.swift */ = {isa = PBXFileReference; lastKnownFileType = sourcecode.swift; path = SceneDelegate.swift; sourceTree = "<group>"; };
		BEC91A26287C8BF400BFCA50 /* Assets.xcassets */ = {isa = PBXFileReference; lastKnownFileType = folder.assetcatalog; path = Assets.xcassets; sourceTree = "<group>"; };
		BEC91A29287C8BF400BFCA50 /* Base */ = {isa = PBXFileReference; lastKnownFileType = file.storyboard; name = Base; path = Base.lproj/LaunchScreen.storyboard; sourceTree = "<group>"; };
		BEC91A2B287C8BF400BFCA50 /* Info.plist */ = {isa = PBXFileReference; lastKnownFileType = text.plist.xml; path = Info.plist; sourceTree = "<group>"; };
		BEC91A36287C914200BFCA50 /* MyCurrenciesViewController.swift */ = {isa = PBXFileReference; lastKnownFileType = sourcecode.swift; path = MyCurrenciesViewController.swift; sourceTree = "<group>"; };
		BEC91A38287C915600BFCA50 /* AllCurrenciesViewController.swift */ = {isa = PBXFileReference; lastKnownFileType = sourcecode.swift; path = AllCurrenciesViewController.swift; sourceTree = "<group>"; };
		BEC91A3C287C919300BFCA50 /* MyCurrencies.storyboard */ = {isa = PBXFileReference; lastKnownFileType = file.storyboard; path = MyCurrencies.storyboard; sourceTree = "<group>"; };
		BEC91A3E287C919F00BFCA50 /* AllCurrencies.storyboard */ = {isa = PBXFileReference; lastKnownFileType = file.storyboard; path = AllCurrencies.storyboard; sourceTree = "<group>"; };
/* End PBXFileReference section */

/* Begin PBXFrameworksBuildPhase section */
		BEC91A17287C8BF100BFCA50 /* Frameworks */ = {
			isa = PBXFrameworksBuildPhase;
			buildActionMask = 2147483647;
			files = (
			);
			runOnlyForDeploymentPostprocessing = 0;
		};
/* End PBXFrameworksBuildPhase section */

/* Begin PBXGroup section */
		BE05B84F287D5B3C003584BF /* Services */ = {
			isa = PBXGroup;
			children = (
				BE05B850287D5B57003584BF /* CurrencyService.swift */,
			);
			path = Services;
			sourceTree = "<group>";
		};
		BE05B854287D7BA2003584BF /* Protocols */ = {
			isa = PBXGroup;
			children = (
				BE05B855287D7BAE003584BF /* SetFavoriteDelegate.swift */,
			);
			path = Protocols;
			sourceTree = "<group>";
		};
		BE05B85A287D887B003584BF /* Extensions */ = {
			isa = PBXGroup;
			children = (
				BE05B85B287D8887003584BF /* UIKit */,
			);
			path = Extensions;
			sourceTree = "<group>";
		};
		BE05B85B287D8887003584BF /* UIKit */ = {
			isa = PBXGroup;
			children = (
				BE05B85C287D889F003584BF /* UIViewController+Extension.swift */,
			);
			path = UIKit;
			sourceTree = "<group>";
		};
		BE05B85E287D89F7003584BF /* Exchange */ = {
			isa = PBXGroup;
			children = (
				BE05B85F287D8A16003584BF /* ExchangeViewController.swift */,
				BE05B861287D8A1C003584BF /* Exchange.storyboard */,
			);
			path = Exchange;
			sourceTree = "<group>";
		};
		BE1FBB21287C96AB00E4D62D /* Main */ = {
			isa = PBXGroup;
			children = (
				BE1FBB24287C96C300E4D62D /* MainViewController.swift */,
				BE1FBB26287C96CC00E4D62D /* Main.storyboard */,
			);
			path = Main;
			sourceTree = "<group>";
		};
		BE1FBB28287CA0BD00E4D62D /* Views */ = {
			isa = PBXGroup;
			children = (
				BE1FBB29287CA0F500E4D62D /* AllCell.swift */,
				BE1FBB2A287CA0F500E4D62D /* AllCell.xib */,
			);
			path = Views;
			sourceTree = "<group>";
		};
		BE1FBB2D287CAA9300E4D62D /* Views */ = {
			isa = PBXGroup;
			children = (
				BE1FBB2E287CAACA00E4D62D /* MyCell.swift */,
				BE1FBB2F287CAACA00E4D62D /* MyCell.xib */,
			);
			path = Views;
			sourceTree = "<group>";
		};
		BE1FBB32287CAEFF00E4D62D /* Networking */ = {
			isa = PBXGroup;
			children = (
				BE1FBB33287CAF1300E4D62D /* NetworkManager.swift */,
			);
			path = Networking;
			sourceTree = "<group>";
		};
		BE1FBB35287CAF1900E4D62D /* Models */ = {
			isa = PBXGroup;
			children = (
				BE1FBB36287CAFCD00E4D62D /* CurrencyResponse.swift */,
				BE05B852287D6755003584BF /* Currency.swift */,
			);
			path = Models;
			sourceTree = "<group>";
		};
		BEC91A11287C8BF100BFCA50 = {
			isa = PBXGroup;
			children = (
				BEC91A1C287C8BF100BFCA50 /* Currencies */,
				BEC91A1B287C8BF100BFCA50 /* Products */,
			);
			sourceTree = "<group>";
		};
		BEC91A1B287C8BF100BFCA50 /* Products */ = {
			isa = PBXGroup;
			children = (
				BEC91A1A287C8BF100BFCA50 /* Currencies.app */,
			);
			name = Products;
			sourceTree = "<group>";
		};
		BEC91A1C287C8BF100BFCA50 /* Currencies */ = {
			isa = PBXGroup;
			children = (
				BEC91A1D287C8BF100BFCA50 /* AppDelegate.swift */,
				BEC91A1F287C8BF100BFCA50 /* SceneDelegate.swift */,
				BEC91A31287C8E3F00BFCA50 /* Flows */,
				BE1FBB32287CAEFF00E4D62D /* Networking */,
				BE1FBB35287CAF1900E4D62D /* Models */,
				BE05B84F287D5B3C003584BF /* Services */,
				BE05B854287D7BA2003584BF /* Protocols */,
				BE05B85A287D887B003584BF /* Extensions */,
				BEC91A26287C8BF400BFCA50 /* Assets.xcassets */,
				BEC91A28287C8BF400BFCA50 /* LaunchScreen.storyboard */,
				BEC91A2B287C8BF400BFCA50 /* Info.plist */,
			);
			path = Currencies;
			sourceTree = "<group>";
		};
		BEC91A31287C8E3F00BFCA50 /* Flows */ = {
			isa = PBXGroup;
			children = (
				BE1FBB21287C96AB00E4D62D /* Main */,
				BEC91A32287C90EB00BFCA50 /* AllCurrencies */,
				BEC91A33287C910000BFCA50 /* MyCurrencies */,
				BE05B85E287D89F7003584BF /* Exchange */,
			);
			path = Flows;
			sourceTree = "<group>";
		};
		BEC91A32287C90EB00BFCA50 /* AllCurrencies */ = {
			isa = PBXGroup;
			children = (
				BEC91A38287C915600BFCA50 /* AllCurrenciesViewController.swift */,
				BEC91A3E287C919F00BFCA50 /* AllCurrencies.storyboard */,
				BE1FBB28287CA0BD00E4D62D /* Views */,
			);
			path = AllCurrencies;
			sourceTree = "<group>";
		};
		BEC91A33287C910000BFCA50 /* MyCurrencies */ = {
			isa = PBXGroup;
			children = (
				BEC91A36287C914200BFCA50 /* MyCurrenciesViewController.swift */,
				BEC91A3C287C919300BFCA50 /* MyCurrencies.storyboard */,
				BE1FBB2D287CAA9300E4D62D /* Views */,
			);
			path = MyCurrencies;
			sourceTree = "<group>";
		};
/* End PBXGroup section */

/* Begin PBXNativeTarget section */
		BEC91A19287C8BF100BFCA50 /* Currencies */ = {
			isa = PBXNativeTarget;
			buildConfigurationList = BEC91A2E287C8BF400BFCA50 /* Build configuration list for PBXNativeTarget "Currencies" */;
			buildPhases = (
				BEC91A16287C8BF100BFCA50 /* Sources */,
				BEC91A17287C8BF100BFCA50 /* Frameworks */,
				BEC91A18287C8BF100BFCA50 /* Resources */,
			);
			buildRules = (
			);
			dependencies = (
			);
			name = Currencies;
			productName = Currencies;
			productReference = BEC91A1A287C8BF100BFCA50 /* Currencies.app */;
			productType = "com.apple.product-type.application";
		};
/* End PBXNativeTarget section */

/* Begin PBXProject section */
		BEC91A12287C8BF100BFCA50 /* Project object */ = {
			isa = PBXProject;
			attributes = {
				BuildIndependentTargetsInParallel = 1;
				LastSwiftUpdateCheck = 1330;
				LastUpgradeCheck = 1330;
				TargetAttributes = {
					BEC91A19287C8BF100BFCA50 = {
						CreatedOnToolsVersion = 13.3.1;
					};
				};
			};
			buildConfigurationList = BEC91A15287C8BF100BFCA50 /* Build configuration list for PBXProject "Currencies" */;
			compatibilityVersion = "Xcode 13.0";
			developmentRegion = en;
			hasScannedForEncodings = 0;
			knownRegions = (
				en,
				Base,
			);
			mainGroup = BEC91A11287C8BF100BFCA50;
			productRefGroup = BEC91A1B287C8BF100BFCA50 /* Products */;
			projectDirPath = "";
			projectRoot = "";
			targets = (
				BEC91A19287C8BF100BFCA50 /* Currencies */,
			);
		};
/* End PBXProject section */

/* Begin PBXResourcesBuildPhase section */
		BEC91A18287C8BF100BFCA50 /* Resources */ = {
			isa = PBXResourcesBuildPhase;
			buildActionMask = 2147483647;
			files = (
				BEC91A3D287C919300BFCA50 /* MyCurrencies.storyboard in Resources */,
				BE1FBB27287C96CC00E4D62D /* Main.storyboard in Resources */,
				BEC91A2A287C8BF400BFCA50 /* LaunchScreen.storyboard in Resources */,
				BE1FBB2C287CA0F500E4D62D /* AllCell.xib in Resources */,
				BE1FBB31287CAACA00E4D62D /* MyCell.xib in Resources */,
				BE05B862287D8A1C003584BF /* Exchange.storyboard in Resources */,
				BEC91A27287C8BF400BFCA50 /* Assets.xcassets in Resources */,
				BEC91A3F287C919F00BFCA50 /* AllCurrencies.storyboard in Resources */,
			);
			runOnlyForDeploymentPostprocessing = 0;
		};
/* End PBXResourcesBuildPhase section */

/* Begin PBXSourcesBuildPhase section */
		BEC91A16287C8BF100BFCA50 /* Sources */ = {
			isa = PBXSourcesBuildPhase;
			buildActionMask = 2147483647;
			files = (
				BE05B851287D5B57003584BF /* CurrencyService.swift in Sources */,
				BE05B85D287D889F003584BF /* UIViewController+Extension.swift in Sources */,
				BE1FBB37287CAFCD00E4D62D /* CurrencyResponse.swift in Sources */,
				BEC91A1E287C8BF100BFCA50 /* AppDelegate.swift in Sources */,
				BE05B856287D7BAE003584BF /* SetFavoriteDelegate.swift in Sources */,
				BEC91A39287C915600BFCA50 /* AllCurrenciesViewController.swift in Sources */,
				BEC91A37287C914200BFCA50 /* MyCurrenciesViewController.swift in Sources */,
				BE1FBB2B287CA0F500E4D62D /* AllCell.swift in Sources */,
				BE05B853287D6755003584BF /* Currency.swift in Sources */,
				BE05B860287D8A16003584BF /* ExchangeViewController.swift in Sources */,
				BE1FBB34287CAF1300E4D62D /* NetworkManager.swift in Sources */,
				BE1FBB30287CAACA00E4D62D /* MyCell.swift in Sources */,
				BEC91A20287C8BF100BFCA50 /* SceneDelegate.swift in Sources */,
				BE1FBB25287C96C300E4D62D /* MainViewController.swift in Sources */,
			);
			runOnlyForDeploymentPostprocessing = 0;
		};
/* End PBXSourcesBuildPhase section */

/* Begin PBXVariantGroup section */
		BEC91A28287C8BF400BFCA50 /* LaunchScreen.storyboard */ = {
			isa = PBXVariantGroup;
			children = (
				BEC91A29287C8BF400BFCA50 /* Base */,
			);
			name = LaunchScreen.storyboard;
			sourceTree = "<group>";
		};
/* End PBXVariantGroup section */

/* Begin XCBuildConfiguration section */
		BEC91A2C287C8BF400BFCA50 /* Debug */ = {
			isa = XCBuildConfiguration;
			buildSettings = {
				ALWAYS_SEARCH_USER_PATHS = NO;
				CLANG_ANALYZER_NONNULL = YES;
				CLANG_ANALYZER_NUMBER_OBJECT_CONVERSION = YES_AGGRESSIVE;
				CLANG_CXX_LANGUAGE_STANDARD = "gnu++17";
				CLANG_ENABLE_MODULES = YES;
				CLANG_ENABLE_OBJC_ARC = YES;
				CLANG_ENABLE_OBJC_WEAK = YES;
				CLANG_WARN_BLOCK_CAPTURE_AUTORELEASING = YES;
				CLANG_WARN_BOOL_CONVERSION = YES;
				CLANG_WARN_COMMA = YES;
				CLANG_WARN_CONSTANT_CONVERSION = YES;
				CLANG_WARN_DEPRECATED_OBJC_IMPLEMENTATIONS = YES;
				CLANG_WARN_DIRECT_OBJC_ISA_USAGE = YES_ERROR;
				CLANG_WARN_DOCUMENTATION_COMMENTS = YES;
				CLANG_WARN_EMPTY_BODY = YES;
				CLANG_WARN_ENUM_CONVERSION = YES;
				CLANG_WARN_INFINITE_RECURSION = YES;
				CLANG_WARN_INT_CONVERSION = YES;
				CLANG_WARN_NON_LITERAL_NULL_CONVERSION = YES;
				CLANG_WARN_OBJC_IMPLICIT_RETAIN_SELF = YES;
				CLANG_WARN_OBJC_LITERAL_CONVERSION = YES;
				CLANG_WARN_OBJC_ROOT_CLASS = YES_ERROR;
				CLANG_WARN_QUOTED_INCLUDE_IN_FRAMEWORK_HEADER = YES;
				CLANG_WARN_RANGE_LOOP_ANALYSIS = YES;
				CLANG_WARN_STRICT_PROTOTYPES = YES;
				CLANG_WARN_SUSPICIOUS_MOVE = YES;
				CLANG_WARN_UNGUARDED_AVAILABILITY = YES_AGGRESSIVE;
				CLANG_WARN_UNREACHABLE_CODE = YES;
				CLANG_WARN__DUPLICATE_METHOD_MATCH = YES;
				COPY_PHASE_STRIP = NO;
				DEBUG_INFORMATION_FORMAT = dwarf;
				ENABLE_STRICT_OBJC_MSGSEND = YES;
				ENABLE_TESTABILITY = YES;
				GCC_C_LANGUAGE_STANDARD = gnu11;
				GCC_DYNAMIC_NO_PIC = NO;
				GCC_NO_COMMON_BLOCKS = YES;
				GCC_OPTIMIZATION_LEVEL = 0;
				GCC_PREPROCESSOR_DEFINITIONS = (
					"DEBUG=1",
					"$(inherited)",
				);
				GCC_WARN_64_TO_32_BIT_CONVERSION = YES;
				GCC_WARN_ABOUT_RETURN_TYPE = YES_ERROR;
				GCC_WARN_UNDECLARED_SELECTOR = YES;
				GCC_WARN_UNINITIALIZED_AUTOS = YES_AGGRESSIVE;
				GCC_WARN_UNUSED_FUNCTION = YES;
				GCC_WARN_UNUSED_VARIABLE = YES;
				IPHONEOS_DEPLOYMENT_TARGET = 15.4;
				MTL_ENABLE_DEBUG_INFO = INCLUDE_SOURCE;
				MTL_FAST_MATH = YES;
				ONLY_ACTIVE_ARCH = YES;
				SDKROOT = iphoneos;
				SWIFT_ACTIVE_COMPILATION_CONDITIONS = DEBUG;
				SWIFT_OPTIMIZATION_LEVEL = "-Onone";
			};
			name = Debug;
		};
		BEC91A2D287C8BF400BFCA50 /* Release */ = {
			isa = XCBuildConfiguration;
			buildSettings = {
				ALWAYS_SEARCH_USER_PATHS = NO;
				CLANG_ANALYZER_NONNULL = YES;
				CLANG_ANALYZER_NUMBER_OBJECT_CONVERSION = YES_AGGRESSIVE;
				CLANG_CXX_LANGUAGE_STANDARD = "gnu++17";
				CLANG_ENABLE_MODULES = YES;
				CLANG_ENABLE_OBJC_ARC = YES;
				CLANG_ENABLE_OBJC_WEAK = YES;
				CLANG_WARN_BLOCK_CAPTURE_AUTORELEASING = YES;
				CLANG_WARN_BOOL_CONVERSION = YES;
				CLANG_WARN_COMMA = YES;
				CLANG_WARN_CONSTANT_CONVERSION = YES;
				CLANG_WARN_DEPRECATED_OBJC_IMPLEMENTATIONS = YES;
				CLANG_WARN_DIRECT_OBJC_ISA_USAGE = YES_ERROR;
				CLANG_WARN_DOCUMENTATION_COMMENTS = YES;
				CLANG_WARN_EMPTY_BODY = YES;
				CLANG_WARN_ENUM_CONVERSION = YES;
				CLANG_WARN_INFINITE_RECURSION = YES;
				CLANG_WARN_INT_CONVERSION = YES;
				CLANG_WARN_NON_LITERAL_NULL_CONVERSION = YES;
				CLANG_WARN_OBJC_IMPLICIT_RETAIN_SELF = YES;
				CLANG_WARN_OBJC_LITERAL_CONVERSION = YES;
				CLANG_WARN_OBJC_ROOT_CLASS = YES_ERROR;
				CLANG_WARN_QUOTED_INCLUDE_IN_FRAMEWORK_HEADER = YES;
				CLANG_WARN_RANGE_LOOP_ANALYSIS = YES;
				CLANG_WARN_STRICT_PROTOTYPES = YES;
				CLANG_WARN_SUSPICIOUS_MOVE = YES;
				CLANG_WARN_UNGUARDED_AVAILABILITY = YES_AGGRESSIVE;
				CLANG_WARN_UNREACHABLE_CODE = YES;
				CLANG_WARN__DUPLICATE_METHOD_MATCH = YES;
				COPY_PHASE_STRIP = NO;
				DEBUG_INFORMATION_FORMAT = "dwarf-with-dsym";
				ENABLE_NS_ASSERTIONS = NO;
				ENABLE_STRICT_OBJC_MSGSEND = YES;
				GCC_C_LANGUAGE_STANDARD = gnu11;
				GCC_NO_COMMON_BLOCKS = YES;
				GCC_WARN_64_TO_32_BIT_CONVERSION = YES;
				GCC_WARN_ABOUT_RETURN_TYPE = YES_ERROR;
				GCC_WARN_UNDECLARED_SELECTOR = YES;
				GCC_WARN_UNINITIALIZED_AUTOS = YES_AGGRESSIVE;
				GCC_WARN_UNUSED_FUNCTION = YES;
				GCC_WARN_UNUSED_VARIABLE = YES;
				IPHONEOS_DEPLOYMENT_TARGET = 15.4;
				MTL_ENABLE_DEBUG_INFO = NO;
				MTL_FAST_MATH = YES;
				SDKROOT = iphoneos;
				SWIFT_COMPILATION_MODE = wholemodule;
				SWIFT_OPTIMIZATION_LEVEL = "-O";
				VALIDATE_PRODUCT = YES;
			};
			name = Release;
		};
		BEC91A2F287C8BF400BFCA50 /* Debug */ = {
			isa = XCBuildConfiguration;
			buildSettings = {
				ASSETCATALOG_COMPILER_APPICON_NAME = AppIcon;
				ASSETCATALOG_COMPILER_GLOBAL_ACCENT_COLOR_NAME = AccentColor;
				CODE_SIGN_STYLE = Automatic;
				CURRENT_PROJECT_VERSION = 1;
				DEVELOPMENT_TEAM = WCNSP3542X;
				GENERATE_INFOPLIST_FILE = YES;
				INFOPLIST_FILE = Currencies/Info.plist;
				INFOPLIST_KEY_UIApplicationSupportsIndirectInputEvents = YES;
				INFOPLIST_KEY_UILaunchStoryboardName = LaunchScreen;
				INFOPLIST_KEY_UIMainStoryboardFile = Main;
				INFOPLIST_KEY_UISupportedInterfaceOrientations_iPad = "UIInterfaceOrientationPortrait UIInterfaceOrientationPortraitUpsideDown UIInterfaceOrientationLandscapeLeft UIInterfaceOrientationLandscapeRight";
				INFOPLIST_KEY_UISupportedInterfaceOrientations_iPhone = "UIInterfaceOrientationPortrait UIInterfaceOrientationLandscapeLeft UIInterfaceOrientationLandscapeRight";
				LD_RUNPATH_SEARCH_PATHS = (
					"$(inherited)",
					"@executable_path/Frameworks",
				);
				MARKETING_VERSION = 1.0;
				PRODUCT_BUNDLE_IDENTIFIER = com.vyatskanych.Currencies;
				PRODUCT_NAME = "$(TARGET_NAME)";
				SWIFT_EMIT_LOC_STRINGS = YES;
				SWIFT_VERSION = 5.0;
				TARGETED_DEVICE_FAMILY = "1,2";
			};
			name = Debug;
		};
		BEC91A30287C8BF400BFCA50 /* Release */ = {
			isa = XCBuildConfiguration;
			buildSettings = {
				ASSETCATALOG_COMPILER_APPICON_NAME = AppIcon;
				ASSETCATALOG_COMPILER_GLOBAL_ACCENT_COLOR_NAME = AccentColor;
				CODE_SIGN_STYLE = Automatic;
				CURRENT_PROJECT_VERSION = 1;
				DEVELOPMENT_TEAM = WCNSP3542X;
				GENERATE_INFOPLIST_FILE = YES;
				INFOPLIST_FILE = Currencies/Info.plist;
				INFOPLIST_KEY_UIApplicationSupportsIndirectInputEvents = YES;
				INFOPLIST_KEY_UILaunchStoryboardName = LaunchScreen;
				INFOPLIST_KEY_UIMainStoryboardFile = Main;
				INFOPLIST_KEY_UISupportedInterfaceOrientations_iPad = "UIInterfaceOrientationPortrait UIInterfaceOrientationPortraitUpsideDown UIInterfaceOrientationLandscapeLeft UIInterfaceOrientationLandscapeRight";
				INFOPLIST_KEY_UISupportedInterfaceOrientations_iPhone = "UIInterfaceOrientationPortrait UIInterfaceOrientationLandscapeLeft UIInterfaceOrientationLandscapeRight";
				LD_RUNPATH_SEARCH_PATHS = (
					"$(inherited)",
					"@executable_path/Frameworks",
				);
				MARKETING_VERSION = 1.0;
				PRODUCT_BUNDLE_IDENTIFIER = com.vyatskanych.Currencies;
				PRODUCT_NAME = "$(TARGET_NAME)";
				SWIFT_EMIT_LOC_STRINGS = YES;
				SWIFT_VERSION = 5.0;
				TARGETED_DEVICE_FAMILY = "1,2";
			};
			name = Release;
		};
/* End XCBuildConfiguration section */

/* Begin XCConfigurationList section */
		BEC91A15287C8BF100BFCA50 /* Build configuration list for PBXProject "Currencies" */ = {
			isa = XCConfigurationList;
			buildConfigurations = (
				BEC91A2C287C8BF400BFCA50 /* Debug */,
				BEC91A2D287C8BF400BFCA50 /* Release */,
			);
			defaultConfigurationIsVisible = 0;
			defaultConfigurationName = Release;
		};
		BEC91A2E287C8BF400BFCA50 /* Build configuration list for PBXNativeTarget "Currencies" */ = {
			isa = XCConfigurationList;
			buildConfigurations = (
				BEC91A2F287C8BF400BFCA50 /* Debug */,
				BEC91A30287C8BF400BFCA50 /* Release */,
			);
			defaultConfigurationIsVisible = 0;
			defaultConfigurationName = Release;
		};
/* End XCConfigurationList section */
	};
	rootObject = BEC91A12287C8BF100BFCA50 /* Project object */;
}
